{
  "pins" : [
    {
      "identity" : "icalendarkit",
      "kind" : "remoteSourceControl",
      "location" : "https://github.com/swift-calendar/icalendarkit.git",
      "state" : {
        "revision" : "389fceafc1132ef284c6215118421bc88f1bfc8c",
        "version" : "1.0.2"
      }
    },
    {
      "identity" : "swift-log",
      "kind" : "remoteSourceControl",
      "location" : "https://github.com/apple/swift-log.git",
      "state" : {
        "revision" : "5d66f7ba25daf4f94100e7022febf3c75e37a6c7",
        "version" : "1.4.2"
      }
    },
    {
      "identity" : "swiftui-cached-async-image",
      "kind" : "remoteSourceControl",
      "location" : "https://github.com/lorenzofiamingo/swiftui-cached-async-image",
      "state" : {
        "revision" : "467a3d17479887943ab917a379e62bbaff60ac8a",
        "version" : "2.1.1"
      }
    },
    {
      "identity" : "vcomponentkit",
      "kind" : "remoteSourceControl",
      "location" : "https://github.com/swift-calendar/vcomponentkit.git",
      "state" : {
        "revision" : "65b7f5066fd62fb83811e66e26ee21a326a015ac",
        "version" : "1.0.5"
      }
    }
  ],
  "version" : 2
}
